
Microsoft Visual Studio Solution File, Format Version 12.00
# Visual Studio 15
VisualStudioVersion = 15.0.28307.779
MinimumVisualStudioVersion = 10.0.40219.1
Project("{FAE04EC0-301F-11D3-BF4B-00C04F79EFBC}") = "cs395projectK4S", "cs395projectK4S\cs395projectK4S.csproj", "{8DAA024B-DFF3-4D88-91AB-0316477A3F81}"
EndProject
Global
	GlobalSection(SolutionConfigurationPlatforms) = preSolution
		Debug|Any CPU = Debug|Any CPU
		Release|Any CPU = Release|Any CPU
	EndGlobalSection
	GlobalSection(ProjectConfigurationPlatforms) = postSolution
		{8DAA024B-DFF3-4D88-91AB-0316477A3F81}.Debug|Any CPU.ActiveCfg = Debug|Any CPU
		{8DAA024B-DFF3-4D88-91AB-0316477A3F81}.Debug|Any CPU.Build.0 = Debug|Any CPU
		{8DAA024B-DFF3-4D88-91AB-0316477A3F81}.Release|Any CPU.ActiveCfg = Release|Any CPU
		{8DAA024B-DFF3-4D88-91AB-0316477A3F81}.Release|Any CPU.Build.0 = Release|Any CPU
	EndGlobalSection
	GlobalSection(SolutionProperties) = preSolution
		HideSolutionNode = FALSE
	EndGlobalSection
	GlobalSection(ExtensibilityGlobals) = postSolution
		SolutionGuid = {38ED9526-8D0B-4661-84C4-AD4F2856CF13}
	EndGlobalSection
EndGlobal
